
Microsoft Visual Studio Solution File, Format Version 12.00
# Visual Studio 2015
Project("{FAE04EC0-301F-11D3-BF4B-00C04F79EFBC}") = "VRDevelopmentTemplate", "VRDevelopmentTemplate.csproj", "{65C49E6F-9234-FFE4-7A66-027FBDE292C6}"
EndProject
Project("{FAE04EC0-301F-11D3-BF4B-00C04F79EFBC}") = "VRDevelopmentTemplate.Editor", "VRDevelopmentTemplate.Editor.csproj", "{A636F8AF-7772-1309-72F2-66EA5E32D3B6}"
EndProject
Global
	GlobalSection(SolutionConfigurationPlatforms) = preSolution
		Debug|Any CPU = Debug|Any CPU
		Release|Any CPU = Release|Any CPU
	EndGlobalSection
	GlobalSection(ProjectConfigurationPlatforms) = postSolution
		{65C49E6F-9234-FFE4-7A66-027FBDE292C6}.Debug|Any CPU.ActiveCfg = Debug|Any CPU
		{65C49E6F-9234-FFE4-7A66-027FBDE292C6}.Debug|Any CPU.Build.0 = Debug|Any CPU
		{65C49E6F-9234-FFE4-7A66-027FBDE292C6}.Release|Any CPU.ActiveCfg = Release|Any CPU
		{65C49E6F-9234-FFE4-7A66-027FBDE292C6}.Release|Any CPU.Build.0 = Release|Any CPU
		{A636F8AF-7772-1309-72F2-66EA5E32D3B6}.Debug|Any CPU.ActiveCfg = Debug|Any CPU
		{A636F8AF-7772-1309-72F2-66EA5E32D3B6}.Debug|Any CPU.Build.0 = Debug|Any CPU
		{A636F8AF-7772-1309-72F2-66EA5E32D3B6}.Release|Any CPU.ActiveCfg = Release|Any CPU
		{A636F8AF-7772-1309-72F2-66EA5E32D3B6}.Release|Any CPU.Build.0 = Release|Any CPU
	EndGlobalSection
	GlobalSection(SolutionProperties) = preSolution
		HideSolutionNode = FALSE
	EndGlobalSection
EndGlobal
